// !$*UTF8*$!
{
	archiveVersion = 1;
	classes = {
	};
	objectVersion = 50;
	objects = {

/* Begin PBXBuildFile section */
		56CFA0CF20A90BAE00A19912 /* DateMenu.swift in Sources */ = {isa = PBXBuildFile; fileRef = 56CFA0CE20A90BAE00A19912 /* DateMenu.swift */; };
		56CFA0D120A95A4600A19912 /* DateSectionHeader.swift in Sources */ = {isa = PBXBuildFile; fileRef = 56CFA0D020A95A4600A19912 /* DateSectionHeader.swift */; };
		56CFA0D320A95AD500A19912 /* DateSectionHeader.xib in Resources */ = {isa = PBXBuildFile; fileRef = 56CFA0D220A95AD500A19912 /* DateSectionHeader.xib */; };
		F392C68A20A7B9D00006D463 /* AppDelegate.swift in Sources */ = {isa = PBXBuildFile; fileRef = F392C68920A7B9D00006D463 /* AppDelegate.swift */; };
		F392C68C20A7B9D00006D463 /* ViewController.swift in Sources */ = {isa = PBXBuildFile; fileRef = F392C68B20A7B9D00006D463 /* ViewController.swift */; };
		F392C68F20A7B9D10006D463 /* Main.storyboard in Resources */ = {isa = PBXBuildFile; fileRef = F392C68D20A7B9D10006D463 /* Main.storyboard */; };
		F392C69120A7B9D20006D463 /* Assets.xcassets in Resources */ = {isa = PBXBuildFile; fileRef = F392C69020A7B9D20006D463 /* Assets.xcassets */; };
		F392C69420A7B9D20006D463 /* LaunchScreen.storyboard in Resources */ = {isa = PBXBuildFile; fileRef = F392C69220A7B9D20006D463 /* LaunchScreen.storyboard */; };
		F392C69F20A7B9D20006D463 /* SampleCollectionMenuTests.swift in Sources */ = {isa = PBXBuildFile; fileRef = F392C69E20A7B9D20006D463 /* SampleCollectionMenuTests.swift */; };
		F392C6AA20A7B9D20006D463 /* SampleCollectionMenuUITests.swift in Sources */ = {isa = PBXBuildFile; fileRef = F392C6A920A7B9D20006D463 /* SampleCollectionMenuUITests.swift */; };
		F392C6B820A7BF300006D463 /* ViewController.xib in Resources */ = {isa = PBXBuildFile; fileRef = F392C6B720A7BF300006D463 /* ViewController.xib */; };
		F392C6BA20A7C1E20006D463 /* DateCell.swift in Sources */ = {isa = PBXBuildFile; fileRef = F392C6B920A7C1E20006D463 /* DateCell.swift */; };
		F392C6BC20A7E6580006D463 /* MenuDataSouceDelegate.swift in Sources */ = {isa = PBXBuildFile; fileRef = F392C6BB20A7E6580006D463 /* MenuDataSouceDelegate.swift */; };
		F392C6BE20A827010006D463 /* DateCell.xib in Resources */ = {isa = PBXBuildFile; fileRef = F392C6BD20A827010006D463 /* DateCell.xib */; };
		F392C6C020A82B450006D463 /* DateExtension.swift in Sources */ = {isa = PBXBuildFile; fileRef = F392C6BF20A82B450006D463 /* DateExtension.swift */; };
		F392C6C220A82BA10006D463 /* DateFormatters.swift in Sources */ = {isa = PBXBuildFile; fileRef = F392C6C120A82BA10006D463 /* DateFormatters.swift */; };
		F392C6C420A82C720006D463 /* WorkDay.swift in Sources */ = {isa = PBXBuildFile; fileRef = F392C6C320A82C720006D463 /* WorkDay.swift */; };
/* End PBXBuildFile section */

/* Begin PBXContainerItemProxy section */
		F392C69B20A7B9D20006D463 /* PBXContainerItemProxy */ = {
			isa = PBXContainerItemProxy;
			containerPortal = F392C67E20A7B9D00006D463 /* Project object */;
			proxyType = 1;
			remoteGlobalIDString = F392C68520A7B9D00006D463;
			remoteInfo = SampleCollectionMenu;
		};
		F392C6A620A7B9D20006D463 /* PBXContainerItemProxy */ = {
			isa = PBXContainerItemProxy;
			containerPortal = F392C67E20A7B9D00006D463 /* Project object */;
			proxyType = 1;
			remoteGlobalIDString = F392C68520A7B9D00006D463;
			remoteInfo = SampleCollectionMenu;
		};
/* End PBXContainerItemProxy section */

/* Begin PBXFileReference section */
		56CFA0CE20A90BAE00A19912 /* DateMenu.swift */ = {isa = PBXFileReference; lastKnownFileType = sourcecode.swift; path = DateMenu.swift; sourceTree = "<group>"; };
		56CFA0D020A95A4600A19912 /* DateSectionHeader.swift */ = {isa = PBXFileReference; lastKnownFileType = sourcecode.swift; path = DateSectionHeader.swift; sourceTree = "<group>"; };
		56CFA0D220A95AD500A19912 /* DateSectionHeader.xib */ = {isa = PBXFileReference; lastKnownFileType = file.xib; path = DateSectionHeader.xib; sourceTree = "<group>"; };
		F392C68620A7B9D00006D463 /* SampleCollectionMenu.app */ = {isa = PBXFileReference; explicitFileType = wrapper.application; includeInIndex = 0; path = SampleCollectionMenu.app; sourceTree = BUILT_PRODUCTS_DIR; };
		F392C68920A7B9D00006D463 /* AppDelegate.swift */ = {isa = PBXFileReference; lastKnownFileType = sourcecode.swift; path = AppDelegate.swift; sourceTree = "<group>"; };
		F392C68B20A7B9D00006D463 /* ViewController.swift */ = {isa = PBXFileReference; lastKnownFileType = sourcecode.swift; path = ViewController.swift; sourceTree = "<group>"; };
		F392C68E20A7B9D10006D463 /* Base */ = {isa = PBXFileReference; lastKnownFileType = file.storyboard; name = Base; path = Base.lproj/Main.storyboard; sourceTree = "<group>"; };
		F392C69020A7B9D20006D463 /* Assets.xcassets */ = {isa = PBXFileReference; lastKnownFileType = folder.assetcatalog; path = Assets.xcassets; sourceTree = "<group>"; };
		F392C69320A7B9D20006D463 /* Base */ = {isa = PBXFileReference; lastKnownFileType = file.storyboard; name = Base; path = Base.lproj/LaunchScreen.storyboard; sourceTree = "<group>"; };
		F392C69520A7B9D20006D463 /* Info.plist */ = {isa = PBXFileReference; lastKnownFileType = text.plist.xml; path = Info.plist; sourceTree = "<group>"; };
		F392C69A20A7B9D20006D463 /* SampleCollectionMenuTests.xctest */ = {isa = PBXFileReference; explicitFileType = wrapper.cfbundle; includeInIndex = 0; path = SampleCollectionMenuTests.xctest; sourceTree = BUILT_PRODUCTS_DIR; };
		F392C69E20A7B9D20006D463 /* SampleCollectionMenuTests.swift */ = {isa = PBXFileReference; lastKnownFileType = sourcecode.swift; path = SampleCollectionMenuTests.swift; sourceTree = "<group>"; };
		F392C6A020A7B9D20006D463 /* Info.plist */ = {isa = PBXFileReference; lastKnownFileType = text.plist.xml; path = Info.plist; sourceTree = "<group>"; };
		F392C6A520A7B9D20006D463 /* SampleCollectionMenuUITests.xctest */ = {isa = PBXFileReference; explicitFileType = wrapper.cfbundle; includeInIndex = 0; path = SampleCollectionMenuUITests.xctest; sourceTree = BUILT_PRODUCTS_DIR; };
		F392C6A920A7B9D20006D463 /* SampleCollectionMenuUITests.swift */ = {isa = PBXFileReference; lastKnownFileType = sourcecode.swift; path = SampleCollectionMenuUITests.swift; sourceTree = "<group>"; };
		F392C6AB20A7B9D20006D463 /* Info.plist */ = {isa = PBXFileReference; lastKnownFileType = text.plist.xml; path = Info.plist; sourceTree = "<group>"; };
		F392C6B720A7BF300006D463 /* ViewController.xib */ = {isa = PBXFileReference; lastKnownFileType = file.xib; path = ViewController.xib; sourceTree = "<group>"; };
		F392C6B920A7C1E20006D463 /* DateCell.swift */ = {isa = PBXFileReference; lastKnownFileType = sourcecode.swift; path = DateCell.swift; sourceTree = "<group>"; };
		F392C6BB20A7E6580006D463 /* MenuDataSouceDelegate.swift */ = {isa = PBXFileReference; lastKnownFileType = sourcecode.swift; path = MenuDataSouceDelegate.swift; sourceTree = "<group>"; };
		F392C6BD20A827010006D463 /* DateCell.xib */ = {isa = PBXFileReference; lastKnownFileType = file.xib; path = DateCell.xib; sourceTree = "<group>"; };
		F392C6BF20A82B450006D463 /* DateExtension.swift */ = {isa = PBXFileReference; lastKnownFileType = sourcecode.swift; path = DateExtension.swift; sourceTree = "<group>"; };
		F392C6C120A82BA10006D463 /* DateFormatters.swift */ = {isa = PBXFileReference; lastKnownFileType = sourcecode.swift; path = DateFormatters.swift; sourceTree = "<group>"; };
		F392C6C320A82C720006D463 /* WorkDay.swift */ = {isa = PBXFileReference; lastKnownFileType = sourcecode.swift; path = WorkDay.swift; sourceTree = "<group>"; };
/* End PBXFileReference section */

/* Begin PBXFrameworksBuildPhase section */
		F392C68320A7B9D00006D463 /* Frameworks */ = {
			isa = PBXFrameworksBuildPhase;
			buildActionMask = 2147483647;
			files = (
			);
			runOnlyForDeploymentPostprocessing = 0;
		};
		F392C69720A7B9D20006D463 /* Frameworks */ = {
			isa = PBXFrameworksBuildPhase;
			buildActionMask = 2147483647;
			files = (
			);
			runOnlyForDeploymentPostprocessing = 0;
		};
		F392C6A220A7B9D20006D463 /* Frameworks */ = {
			isa = PBXFrameworksBuildPhase;
			buildActionMask = 2147483647;
			files = (
			);
			runOnlyForDeploymentPostprocessing = 0;
		};
/* End PBXFrameworksBuildPhase section */

/* Begin PBXGroup section */
		F392C67D20A7B9D00006D463 = {
			isa = PBXGroup;
			children = (
				F392C68820A7B9D00006D463 /* SampleCollectionMenu */,
				F392C69D20A7B9D20006D463 /* SampleCollectionMenuTests */,
				F392C6A820A7B9D20006D463 /* SampleCollectionMenuUITests */,
				F392C68720A7B9D00006D463 /* Products */,
			);
			sourceTree = "<group>";
		};
		F392C68720A7B9D00006D463 /* Products */ = {
			isa = PBXGroup;
			children = (
				F392C68620A7B9D00006D463 /* SampleCollectionMenu.app */,
				F392C69A20A7B9D20006D463 /* SampleCollectionMenuTests.xctest */,
				F392C6A520A7B9D20006D463 /* SampleCollectionMenuUITests.xctest */,
			);
			name = Products;
			sourceTree = "<group>";
		};
		F392C68820A7B9D00006D463 /* SampleCollectionMenu */ = {
			isa = PBXGroup;
			children = (
				F392C68920A7B9D00006D463 /* AppDelegate.swift */,
				F392C68B20A7B9D00006D463 /* ViewController.swift */,
				F392C68D20A7B9D10006D463 /* Main.storyboard */,
				F392C69020A7B9D20006D463 /* Assets.xcassets */,
				F392C69220A7B9D20006D463 /* LaunchScreen.storyboard */,
				F392C69520A7B9D20006D463 /* Info.plist */,
				F392C6B720A7BF300006D463 /* ViewController.xib */,
				F392C6B920A7C1E20006D463 /* DateCell.swift */,
				F392C6BB20A7E6580006D463 /* MenuDataSouceDelegate.swift */,
				F392C6BD20A827010006D463 /* DateCell.xib */,
				F392C6BF20A82B450006D463 /* DateExtension.swift */,
				F392C6C120A82BA10006D463 /* DateFormatters.swift */,
				F392C6C320A82C720006D463 /* WorkDay.swift */,
				56CFA0CE20A90BAE00A19912 /* DateMenu.swift */,
				56CFA0D020A95A4600A19912 /* DateSectionHeader.swift */,
				56CFA0D220A95AD500A19912 /* DateSectionHeader.xib */,
			);
			path = SampleCollectionMenu;
			sourceTree = "<group>";
		};
		F392C69D20A7B9D20006D463 /* SampleCollectionMenuTests */ = {
			isa = PBXGroup;
			children = (
				F392C69E20A7B9D20006D463 /* SampleCollectionMenuTests.swift */,
				F392C6A020A7B9D20006D463 /* Info.plist */,
			);
			path = SampleCollectionMenuTests;
			sourceTree = "<group>";
		};
		F392C6A820A7B9D20006D463 /* SampleCollectionMenuUITests */ = {
			isa = PBXGroup;
			children = (
				F392C6A920A7B9D20006D463 /* SampleCollectionMenuUITests.swift */,
				F392C6AB20A7B9D20006D463 /* Info.plist */,
			);
			path = SampleCollectionMenuUITests;
			sourceTree = "<group>";
		};
/* End PBXGroup section */

/* Begin PBXNativeTarget section */
		F392C68520A7B9D00006D463 /* SampleCollectionMenu */ = {
			isa = PBXNativeTarget;
			buildConfigurationList = F392C6AE20A7B9D20006D463 /* Build configuration list for PBXNativeTarget "SampleCollectionMenu" */;
			buildPhases = (
				F392C68220A7B9D00006D463 /* Sources */,
				F392C68320A7B9D00006D463 /* Frameworks */,
				F392C68420A7B9D00006D463 /* Resources */,
			);
			buildRules = (
			);
			dependencies = (
			);
			name = SampleCollectionMenu;
			productName = SampleCollectionMenu;
			productReference = F392C68620A7B9D00006D463 /* SampleCollectionMenu.app */;
			productType = "com.apple.product-type.application";
		};
		F392C69920A7B9D20006D463 /* SampleCollectionMenuTests */ = {
			isa = PBXNativeTarget;
			buildConfigurationList = F392C6B120A7B9D20006D463 /* Build configuration list for PBXNativeTarget "SampleCollectionMenuTests" */;
			buildPhases = (
				F392C69620A7B9D20006D463 /* Sources */,
				F392C69720A7B9D20006D463 /* Frameworks */,
				F392C69820A7B9D20006D463 /* Resources */,
			);
			buildRules = (
			);
			dependencies = (
				F392C69C20A7B9D20006D463 /* PBXTargetDependency */,
			);
			name = SampleCollectionMenuTests;
			productName = SampleCollectionMenuTests;
			productReference = F392C69A20A7B9D20006D463 /* SampleCollectionMenuTests.xctest */;
			productType = "com.apple.product-type.bundle.unit-test";
		};
		F392C6A420A7B9D20006D463 /* SampleCollectionMenuUITests */ = {
			isa = PBXNativeTarget;
			buildConfigurationList = F392C6B420A7B9D20006D463 /* Build configuration list for PBXNativeTarget "SampleCollectionMenuUITests" */;
			buildPhases = (
				F392C6A120A7B9D20006D463 /* Sources */,
				F392C6A220A7B9D20006D463 /* Frameworks */,
				F392C6A320A7B9D20006D463 /* Resources */,
			);
			buildRules = (
			);
			dependencies = (
				F392C6A720A7B9D20006D463 /* PBXTargetDependency */,
			);
			name = SampleCollectionMenuUITests;
			productName = SampleCollectionMenuUITests;
			productReference = F392C6A520A7B9D20006D463 /* SampleCollectionMenuUITests.xctest */;
			productType = "com.apple.product-type.bundle.ui-testing";
		};
/* End PBXNativeTarget section */

/* Begin PBXProject section */
		F392C67E20A7B9D00006D463 /* Project object */ = {
			isa = PBXProject;
			attributes = {
				LastSwiftUpdateCheck = 0930;
				LastUpgradeCheck = 0930;
				ORGANIZATIONNAME = "平塚俊輔";
				TargetAttributes = {
					F392C68520A7B9D00006D463 = {
						CreatedOnToolsVersion = 9.3.1;
					};
					F392C69920A7B9D20006D463 = {
						CreatedOnToolsVersion = 9.3.1;
						TestTargetID = F392C68520A7B9D00006D463;
					};
					F392C6A420A7B9D20006D463 = {
						CreatedOnToolsVersion = 9.3.1;
						TestTargetID = F392C68520A7B9D00006D463;
					};
				};
			};
			buildConfigurationList = F392C68120A7B9D00006D463 /* Build configuration list for PBXProject "SampleCollectionMenu" */;
			compatibilityVersion = "Xcode 9.3";
			developmentRegion = en;
			hasScannedForEncodings = 0;
			knownRegions = (
				en,
				Base,
			);
			mainGroup = F392C67D20A7B9D00006D463;
			productRefGroup = F392C68720A7B9D00006D463 /* Products */;
			projectDirPath = "";
			projectRoot = "";
			targets = (
				F392C68520A7B9D00006D463 /* SampleCollectionMenu */,
				F392C69920A7B9D20006D463 /* SampleCollectionMenuTests */,
				F392C6A420A7B9D20006D463 /* SampleCollectionMenuUITests */,
			);
		};
/* End PBXProject section */

/* Begin PBXResourcesBuildPhase section */
		F392C68420A7B9D00006D463 /* Resources */ = {
			isa = PBXResourcesBuildPhase;
			buildActionMask = 2147483647;
			files = (
				F392C69420A7B9D20006D463 /* LaunchScreen.storyboard in Resources */,
				F392C69120A7B9D20006D463 /* Assets.xcassets in Resources */,
				56CFA0D320A95AD500A19912 /* DateSectionHeader.xib in Resources */,
				F392C6B820A7BF300006D463 /* ViewController.xib in Resources */,
				F392C68F20A7B9D10006D463 /* Main.storyboard in Resources */,
				F392C6BE20A827010006D463 /* DateCell.xib in Resources */,
			);
			runOnlyForDeploymentPostprocessing = 0;
		};
		F392C69820A7B9D20006D463 /* Resources */ = {
			isa = PBXResourcesBuildPhase;
			buildActionMask = 2147483647;
			files = (
			);
			runOnlyForDeploymentPostprocessing = 0;
		};
		F392C6A320A7B9D20006D463 /* Resources */ = {
			isa = PBXResourcesBuildPhase;
			buildActionMask = 2147483647;
			files = (
			);
			runOnlyForDeploymentPostprocessing = 0;
		};
/* End PBXResourcesBuildPhase section */

/* Begin PBXSourcesBuildPhase section */
		F392C68220A7B9D00006D463 /* Sources */ = {
			isa = PBXSourcesBuildPhase;
			buildActionMask = 2147483647;
			files = (
				F392C6C220A82BA10006D463 /* DateFormatters.swift in Sources */,
				F392C68C20A7B9D00006D463 /* ViewController.swift in Sources */,
				F392C6C020A82B450006D463 /* DateExtension.swift in Sources */,
				F392C6C420A82C720006D463 /* WorkDay.swift in Sources */,
				56CFA0CF20A90BAE00A19912 /* DateMenu.swift in Sources */,
				F392C6BA20A7C1E20006D463 /* DateCell.swift in Sources */,
				F392C68A20A7B9D00006D463 /* AppDelegate.swift in Sources */,
				F392C6BC20A7E6580006D463 /* MenuDataSouceDelegate.swift in Sources */,
				56CFA0D120A95A4600A19912 /* DateSectionHeader.swift in Sources */,
			);
			runOnlyForDeploymentPostprocessing = 0;
		};
		F392C69620A7B9D20006D463 /* Sources */ = {
			isa = PBXSourcesBuildPhase;
			buildActionMask = 2147483647;
			files = (
				F392C69F20A7B9D20006D463 /* SampleCollectionMenuTests.swift in Sources */,
			);
			runOnlyForDeploymentPostprocessing = 0;
		};
		F392C6A120A7B9D20006D463 /* Sources */ = {
			isa = PBXSourcesBuildPhase;
			buildActionMask = 2147483647;
			files = (
				F392C6AA20A7B9D20006D463 /* SampleCollectionMenuUITests.swift in Sources */,
			);
			runOnlyForDeploymentPostprocessing = 0;
		};
/* End PBXSourcesBuildPhase section */

/* Begin PBXTargetDependency section */
		F392C69C20A7B9D20006D463 /* PBXTargetDependency */ = {
			isa = PBXTargetDependency;
			target = F392C68520A7B9D00006D463 /* SampleCollectionMenu */;
			targetProxy = F392C69B20A7B9D20006D463 /* PBXContainerItemProxy */;
		};
		F392C6A720A7B9D20006D463 /* PBXTargetDependency */ = {
			isa = PBXTargetDependency;
			target = F392C68520A7B9D00006D463 /* SampleCollectionMenu */;
			targetProxy = F392C6A620A7B9D20006D463 /* PBXContainerItemProxy */;
		};
/* End PBXTargetDependency section */

/* Begin PBXVariantGroup section */
		F392C68D20A7B9D10006D463 /* Main.storyboard */ = {
			isa = PBXVariantGroup;
			children = (
				F392C68E20A7B9D10006D463 /* Base */,
			);
			name = Main.storyboard;
			sourceTree = "<group>";
		};
		F392C69220A7B9D20006D463 /* LaunchScreen.storyboard */ = {
			isa = PBXVariantGroup;
			children = (
				F392C69320A7B9D20006D463 /* Base */,
			);
			name = LaunchScreen.storyboard;
			sourceTree = "<group>";
		};
/* End PBXVariantGroup section */

/* Begin XCBuildConfiguration section */
		F392C6AC20A7B9D20006D463 /* Debug */ = {
			isa = XCBuildConfiguration;
			buildSettings = {
				ALWAYS_SEARCH_USER_PATHS = NO;
				CLANG_ANALYZER_NONNULL = YES;
				CLANG_ANALYZER_NUMBER_OBJECT_CONVERSION = YES_AGGRESSIVE;
				CLANG_CXX_LANGUAGE_STANDARD = "gnu++14";
				CLANG_CXX_LIBRARY = "libc++";
				CLANG_ENABLE_MODULES = YES;
				CLANG_ENABLE_OBJC_ARC = YES;
				CLANG_ENABLE_OBJC_WEAK = YES;
				CLANG_WARN_BLOCK_CAPTURE_AUTORELEASING = YES;
				CLANG_WARN_BOOL_CONVERSION = YES;
				CLANG_WARN_COMMA = YES;
				CLANG_WARN_CONSTANT_CONVERSION = YES;
				CLANG_WARN_DEPRECATED_OBJC_IMPLEMENTATIONS = YES;
				CLANG_WARN_DIRECT_OBJC_ISA_USAGE = YES_ERROR;
				CLANG_WARN_DOCUMENTATION_COMMENTS = YES;
				CLANG_WARN_EMPTY_BODY = YES;
				CLANG_WARN_ENUM_CONVERSION = YES;
				CLANG_WARN_INFINITE_RECURSION = YES;
				CLANG_WARN_INT_CONVERSION = YES;
				CLANG_WARN_NON_LITERAL_NULL_CONVERSION = YES;
				CLANG_WARN_OBJC_IMPLICIT_RETAIN_SELF = YES;
				CLANG_WARN_OBJC_LITERAL_CONVERSION = YES;
				CLANG_WARN_OBJC_ROOT_CLASS = YES_ERROR;
				CLANG_WARN_RANGE_LOOP_ANALYSIS = YES;
				CLANG_WARN_STRICT_PROTOTYPES = YES;
				CLANG_WARN_SUSPICIOUS_MOVE = YES;
				CLANG_WARN_UNGUARDED_AVAILABILITY = YES_AGGRESSIVE;
				CLANG_WARN_UNREACHABLE_CODE = YES;
				CLANG_WARN__DUPLICATE_METHOD_MATCH = YES;
				CODE_SIGN_IDENTITY = "iPhone Developer";
				COPY_PHASE_STRIP = NO;
				DEBUG_INFORMATION_FORMAT = dwarf;
				ENABLE_STRICT_OBJC_MSGSEND = YES;
				ENABLE_TESTABILITY = YES;
				GCC_C_LANGUAGE_STANDARD = gnu11;
				GCC_DYNAMIC_NO_PIC = NO;
				GCC_NO_COMMON_BLOCKS = YES;
				GCC_OPTIMIZATION_LEVEL = 0;
				GCC_PREPROCESSOR_DEFINITIONS = (
					"DEBUG=1",
					"$(inherited)",
				);
				GCC_WARN_64_TO_32_BIT_CONVERSION = YES;
				GCC_WARN_ABOUT_RETURN_TYPE = YES_ERROR;
				GCC_WARN_UNDECLARED_SELECTOR = YES;
				GCC_WARN_UNINITIALIZED_AUTOS = YES_AGGRESSIVE;
				GCC_WARN_UNUSED_FUNCTION = YES;
				GCC_WARN_UNUSED_VARIABLE = YES;
				IPHONEOS_DEPLOYMENT_TARGET = 11.3;
				MTL_ENABLE_DEBUG_INFO = YES;
				ONLY_ACTIVE_ARCH = YES;
				SDKROOT = iphoneos;
				SWIFT_ACTIVE_COMPILATION_CONDITIONS = DEBUG;
				SWIFT_OPTIMIZATION_LEVEL = "-Onone";
			};
			name = Debug;
		};
		F392C6AD20A7B9D20006D463 /* Release */ = {
			isa = XCBuildConfiguration;
			buildSettings = {
				ALWAYS_SEARCH_USER_PATHS = NO;
				CLANG_ANALYZER_NONNULL = YES;
				CLANG_ANALYZER_NUMBER_OBJECT_CONVERSION = YES_AGGRESSIVE;
				CLANG_CXX_LANGUAGE_STANDARD = "gnu++14";
				CLANG_CXX_LIBRARY = "libc++";
				CLANG_ENABLE_MODULES = YES;
				CLANG_ENABLE_OBJC_ARC = YES;
				CLANG_ENABLE_OBJC_WEAK = YES;
				CLANG_WARN_BLOCK_CAPTURE_AUTORELEASING = YES;
				CLANG_WARN_BOOL_CONVERSION = YES;
				CLANG_WARN_COMMA = YES;
				CLANG_WARN_CONSTANT_CONVERSION = YES;
				CLANG_WARN_DEPRECATED_OBJC_IMPLEMENTATIONS = YES;
				CLANG_WARN_DIRECT_OBJC_ISA_USAGE = YES_ERROR;
				CLANG_WARN_DOCUMENTATION_COMMENTS = YES;
				CLANG_WARN_EMPTY_BODY = YES;
				CLANG_WARN_ENUM_CONVERSION = YES;
				CLANG_WARN_INFINITE_RECURSION = YES;
				CLANG_WARN_INT_CONVERSION = YES;
				CLANG_WARN_NON_LITERAL_NULL_CONVERSION = YES;
				CLANG_WARN_OBJC_IMPLICIT_RETAIN_SELF = YES;
				CLANG_WARN_OBJC_LITERAL_CONVERSION = YES;
				CLANG_WARN_OBJC_ROOT_CLASS = YES_ERROR;
				CLANG_WARN_RANGE_LOOP_ANALYSIS = YES;
				CLANG_WARN_STRICT_PROTOTYPES = YES;
				CLANG_WARN_SUSPICIOUS_MOVE = YES;
				CLANG_WARN_UNGUARDED_AVAILABILITY = YES_AGGRESSIVE;
				CLANG_WARN_UNREACHABLE_CODE = YES;
				CLANG_WARN__DUPLICATE_METHOD_MATCH = YES;
				CODE_SIGN_IDENTITY = "iPhone Developer";
				COPY_PHASE_STRIP = NO;
				DEBUG_INFORMATION_FORMAT = "dwarf-with-dsym";
				ENABLE_NS_ASSERTIONS = NO;
				ENABLE_STRICT_OBJC_MSGSEND = YES;
				GCC_C_LANGUAGE_STANDARD = gnu11;
				GCC_NO_COMMON_BLOCKS = YES;
				GCC_WARN_64_TO_32_BIT_CONVERSION = YES;
				GCC_WARN_ABOUT_RETURN_TYPE = YES_ERROR;
				GCC_WARN_UNDECLARED_SELECTOR = YES;
				GCC_WARN_UNINITIALIZED_AUTOS = YES_AGGRESSIVE;
				GCC_WARN_UNUSED_FUNCTION = YES;
				GCC_WARN_UNUSED_VARIABLE = YES;
				IPHONEOS_DEPLOYMENT_TARGET = 11.3;
				MTL_ENABLE_DEBUG_INFO = NO;
				SDKROOT = iphoneos;
				SWIFT_COMPILATION_MODE = wholemodule;
				SWIFT_OPTIMIZATION_LEVEL = "-O";
				VALIDATE_PRODUCT = YES;
			};
			name = Release;
		};
		F392C6AF20A7B9D20006D463 /* Debug */ = {
			isa = XCBuildConfiguration;
			buildSettings = {
				ASSETCATALOG_COMPILER_APPICON_NAME = AppIcon;
				CODE_SIGN_STYLE = Automatic;
				INFOPLIST_FILE = SampleCollectionMenu/Info.plist;
				LD_RUNPATH_SEARCH_PATHS = (
					"$(inherited)",
					"@executable_path/Frameworks",
				);
				PRODUCT_BUNDLE_IDENTIFIER = hiratsuka.inc.SampleCollectionMenu;
				PRODUCT_NAME = "$(TARGET_NAME)";
				SWIFT_VERSION = 4.0;
				TARGETED_DEVICE_FAMILY = "1,2";
			};
			name = Debug;
		};
		F392C6B020A7B9D20006D463 /* Release */ = {
			isa = XCBuildConfiguration;
			buildSettings = {
				ASSETCATALOG_COMPILER_APPICON_NAME = AppIcon;
				CODE_SIGN_STYLE = Automatic;
				INFOPLIST_FILE = SampleCollectionMenu/Info.plist;
				LD_RUNPATH_SEARCH_PATHS = (
					"$(inherited)",
					"@executable_path/Frameworks",
				);
				PRODUCT_BUNDLE_IDENTIFIER = hiratsuka.inc.SampleCollectionMenu;
				PRODUCT_NAME = "$(TARGET_NAME)";
				SWIFT_VERSION = 4.0;
				TARGETED_DEVICE_FAMILY = "1,2";
			};
			name = Release;
		};
		F392C6B220A7B9D20006D463 /* Debug */ = {
			isa = XCBuildConfiguration;
			buildSettings = {
				ALWAYS_EMBED_SWIFT_STANDARD_LIBRARIES = YES;
				BUNDLE_LOADER = "$(TEST_HOST)";
				CODE_SIGN_STYLE = Automatic;
				INFOPLIST_FILE = SampleCollectionMenuTests/Info.plist;
				LD_RUNPATH_SEARCH_PATHS = (
					"$(inherited)",
					"@executable_path/Frameworks",
					"@loader_path/Frameworks",
				);
				PRODUCT_BUNDLE_IDENTIFIER = hiratsuka.inc.SampleCollectionMenuTests;
				PRODUCT_NAME = "$(TARGET_NAME)";
				SWIFT_VERSION = 4.0;
				TARGETED_DEVICE_FAMILY = "1,2";
				TEST_HOST = "$(BUILT_PRODUCTS_DIR)/SampleCollectionMenu.app/SampleCollectionMenu";
			};
			name = Debug;
		};
		F392C6B320A7B9D20006D463 /* Release */ = {
			isa = XCBuildConfiguration;
			buildSettings = {
				ALWAYS_EMBED_SWIFT_STANDARD_LIBRARIES = YES;
				BUNDLE_LOADER = "$(TEST_HOST)";
				CODE_SIGN_STYLE = Automatic;
				INFOPLIST_FILE = SampleCollectionMenuTests/Info.plist;
				LD_RUNPATH_SEARCH_PATHS = (
					"$(inherited)",
					"@executable_path/Frameworks",
					"@loader_path/Frameworks",
				);
				PRODUCT_BUNDLE_IDENTIFIER = hiratsuka.inc.SampleCollectionMenuTests;
				PRODUCT_NAME = "$(TARGET_NAME)";
				SWIFT_VERSION = 4.0;
				TARGETED_DEVICE_FAMILY = "1,2";
				TEST_HOST = "$(BUILT_PRODUCTS_DIR)/SampleCollectionMenu.app/SampleCollectionMenu";
			};
			name = Release;
		};
		F392C6B520A7B9D20006D463 /* Debug */ = {
			isa = XCBuildConfiguration;
			buildSettings = {
				ALWAYS_EMBED_SWIFT_STANDARD_LIBRARIES = YES;
				CODE_SIGN_STYLE = Automatic;
				INFOPLIST_FILE = SampleCollectionMenuUITests/Info.plist;
				LD_RUNPATH_SEARCH_PATHS = (
					"$(inherited)",
					"@executable_path/Frameworks",
					"@loader_path/Frameworks",
				);
				PRODUCT_BUNDLE_IDENTIFIER = hiratsuka.inc.SampleCollectionMenuUITests;
				PRODUCT_NAME = "$(TARGET_NAME)";
				SWIFT_VERSION = 4.0;
				TARGETED_DEVICE_FAMILY = "1,2";
				TEST_TARGET_NAME = SampleCollectionMenu;
			};
			name = Debug;
		};
		F392C6B620A7B9D20006D463 /* Release */ = {
			isa = XCBuildConfiguration;
			buildSettings = {
				ALWAYS_EMBED_SWIFT_STANDARD_LIBRARIES = YES;
				CODE_SIGN_STYLE = Automatic;
				INFOPLIST_FILE = SampleCollectionMenuUITests/Info.plist;
				LD_RUNPATH_SEARCH_PATHS = (
					"$(inherited)",
					"@executable_path/Frameworks",
					"@loader_path/Frameworks",
				);
				PRODUCT_BUNDLE_IDENTIFIER = hiratsuka.inc.SampleCollectionMenuUITests;
				PRODUCT_NAME = "$(TARGET_NAME)";
				SWIFT_VERSION = 4.0;
				TARGETED_DEVICE_FAMILY = "1,2";
				TEST_TARGET_NAME = SampleCollectionMenu;
			};
			name = Release;
		};
/* End XCBuildConfiguration section */

/* Begin XCConfigurationList section */
		F392C68120A7B9D00006D463 /* Build configuration list for PBXProject "SampleCollectionMenu" */ = {
			isa = XCConfigurationList;
			buildConfigurations = (
				F392C6AC20A7B9D20006D463 /* Debug */,
				F392C6AD20A7B9D20006D463 /* Release */,
			);
			defaultConfigurationIsVisible = 0;
			defaultConfigurationName = Release;
		};
		F392C6AE20A7B9D20006D463 /* Build configuration list for PBXNativeTarget "SampleCollectionMenu" */ = {
			isa = XCConfigurationList;
			buildConfigurations = (
				F392C6AF20A7B9D20006D463 /* Debug */,
				F392C6B020A7B9D20006D463 /* Release */,
			);
			defaultConfigurationIsVisible = 0;
			defaultConfigurationName = Release;
		};
		F392C6B120A7B9D20006D463 /* Build configuration list for PBXNativeTarget "SampleCollectionMenuTests" */ = {
			isa = XCConfigurationList;
			buildConfigurations = (
				F392C6B220A7B9D20006D463 /* Debug */,
				F392C6B320A7B9D20006D463 /* Release */,
			);
			defaultConfigurationIsVisible = 0;
			defaultConfigurationName = Release;
		};
		F392C6B420A7B9D20006D463 /* Build configuration list for PBXNativeTarget "SampleCollectionMenuUITests" */ = {
			isa = XCConfigurationList;
			buildConfigurations = (
				F392C6B520A7B9D20006D463 /* Debug */,
				F392C6B620A7B9D20006D463 /* Release */,
			);
			defaultConfigurationIsVisible = 0;
			defaultConfigurationName = Release;
		};
/* End XCConfigurationList section */
	};
	rootObject = F392C67E20A7B9D00006D463 /* Project object */;
}
